
Microsoft Visual Studio Solution File, Format Version 12.00
# Visual Studio Version 17
VisualStudioVersion = 17.0.31410.414
MinimumVisualStudioVersion = 10.0.40219.1
Project("{2150E333-8FDC-42A3-9474-1A3956D46DE8}") = "src", "src", "{04F6A5AD-1F55-4B0C-9069-CE4E28BE2532}"
EndProject
Project("{2150E333-8FDC-42A3-9474-1A3956D46DE8}") = "file", "file", "{4BF7D093-D575-4986-9FA3-CF091957A77E}"
EndProject
Project("{9A19103F-16F7-4668-BE54-9A1E7A4F7556}") = "MonitorPlatform.Wpf", "src\MonitorPlatform.Wpf\MonitorPlatform.Wpf.csproj", "{ACBB7CDE-187F-4C02-9276-6262B6F2BD61}"
EndProject
Project("{9A19103F-16F7-4668-BE54-9A1E7A4F7556}") = "MonitorPlatform.Server", "src\MonitorPlatform.Server\MonitorPlatform.Server.csproj", "{2E5C60F0-9790-44C1-B8F3-57284C5CC79F}"
EndProject
Project("{9A19103F-16F7-4668-BE54-9A1E7A4F7556}") = "MonitorPlatform.Domain", "src\MonitorPlatform.Domain\MonitorPlatform.Domain.csproj", "{37242D29-41E5-4FC4-9108-26BEDF3AFD66}"
EndProject
Project("{9A19103F-16F7-4668-BE54-9A1E7A4F7556}") = "MonitorPlatform.DataAccess", "src\MonitorPlatform.DataAccess\MonitorPlatform.DataAccess.csproj", "{526C7818-78C5-4758-B393-2367B915501C}"
EndProject
Project("{9A19103F-16F7-4668-BE54-9A1E7A4F7556}") = "MonitorPlatform.Share", "src\MonitorPlatform.Share\MonitorPlatform.Share.csproj", "{C2F33E43-DB7D-4989-9F9B-7CBB13E3EB3E}"
EndProject
Project("{2150E333-8FDC-42A3-9474-1A3956D46DE8}") = "Examples", "Examples", "{D0C91141-BC34-4700-80EF-0539D1AA7AFC}"
EndProject
Project("{FAE04EC0-301F-11D3-BF4B-00C04F79EFBC}") = "Sample1", "src\Example\Sample1\Sample1.csproj", "{E08C5273-173C-40C9-B5EA-0511CB89D75D}"
EndProject
Project("{2150E333-8FDC-42A3-9474-1A3956D46DE8}") = "Services", "Services", "{375B0263-5BC0-40F0-A37B-9D43A48BBBDA}"
EndProject
Project("{2150E333-8FDC-42A3-9474-1A3956D46DE8}") = "Cients", "Cients", "{064F8DCF-3513-4A27-8436-58E859E38CB2}"
EndProject
Project("{9A19103F-16F7-4668-BE54-9A1E7A4F7556}") = "ESTHost.Core", "src\Services\ESTHost.Core\ESTHost.Core.csproj", "{84CDD252-BD83-4B20-9AE4-34367AFBC2EB}"
EndProject
Project("{9A19103F-16F7-4668-BE54-9A1E7A4F7556}") = "ESTHost.ServerManager", "src\Services\ESTHostServerManager\ESTHost.ServerManager.csproj", "{0C5C6142-8B59-4747-9C8C-D43F56737755}"
EndProject
Project("{9A19103F-16F7-4668-BE54-9A1E7A4F7556}") = "MonitorPlatform.Contracts", "src\MonitorPlatform.Contracts\MonitorPlatform.Contracts.csproj", "{8D68124B-B0A1-48FC-87CC-EE0D0CE6F737}"
EndProject
Project("{9A19103F-16F7-4668-BE54-9A1E7A4F7556}") = "ESTHost.SMSService", "src\Services\ESTHost.SMSService\ESTHost.SMSService.csproj", "{E9BC2CF7-1813-480B-8B33-2AEA028731F7}"
EndProject
Project("{9A19103F-16F7-4668-BE54-9A1E7A4F7556}") = "ESTHost.WTR20AService", "src\Services\ESTHost.WTR20AService\ESTHost.WTR20AService.csproj", "{E5D75AA5-CEAF-4E6A-B578-9A6EB88797E1}"
EndProject
Project("{9A19103F-16F7-4668-BE54-9A1E7A4F7556}") = "ESTHost.WTR31Service", "src\Services\ESTHost.WTR31Service\ESTHost.WTR31Service.csproj", "{2897D538-2231-429C-BF65-FDD2AD24C78A}"
EndProject
Project("{9A19103F-16F7-4668-BE54-9A1E7A4F7556}") = "ESTHost.StorageService", "src\Services\ESTHost.StorageService\ESTHost.StorageService.csproj", "{A38731B7-E478-4C09-BFD1-8657A8DF3182}"
EndProject
Project("{9A19103F-16F7-4668-BE54-9A1E7A4F7556}") = "ESTHost.DataCenter", "src\Services\ESTHost.DataCenter\ESTHost.DataCenter.csproj", "{69EDDA1A-B23D-4E4A-8813-8971B6A64772}"
EndProject
Global
	GlobalSection(SolutionConfigurationPlatforms) = preSolution
		Debug|Any CPU = Debug|Any CPU
		Release|Any CPU = Release|Any CPU
	EndGlobalSection
	GlobalSection(ProjectConfigurationPlatforms) = postSolution
		{ACBB7CDE-187F-4C02-9276-6262B6F2BD61}.Debug|Any CPU.ActiveCfg = Debug|Any CPU
		{ACBB7CDE-187F-4C02-9276-6262B6F2BD61}.Debug|Any CPU.Build.0 = Debug|Any CPU
		{ACBB7CDE-187F-4C02-9276-6262B6F2BD61}.Release|Any CPU.ActiveCfg = Release|Any CPU
		{ACBB7CDE-187F-4C02-9276-6262B6F2BD61}.Release|Any CPU.Build.0 = Release|Any CPU
		{2E5C60F0-9790-44C1-B8F3-57284C5CC79F}.Debug|Any CPU.ActiveCfg = Debug|Any CPU
		{2E5C60F0-9790-44C1-B8F3-57284C5CC79F}.Debug|Any CPU.Build.0 = Debug|Any CPU
		{2E5C60F0-9790-44C1-B8F3-57284C5CC79F}.Release|Any CPU.ActiveCfg = Release|Any CPU
		{2E5C60F0-9790-44C1-B8F3-57284C5CC79F}.Release|Any CPU.Build.0 = Release|Any CPU
		{37242D29-41E5-4FC4-9108-26BEDF3AFD66}.Debug|Any CPU.ActiveCfg = Debug|Any CPU
		{37242D29-41E5-4FC4-9108-26BEDF3AFD66}.Debug|Any CPU.Build.0 = Debug|Any CPU
		{37242D29-41E5-4FC4-9108-26BEDF3AFD66}.Release|Any CPU.ActiveCfg = Release|Any CPU
		{37242D29-41E5-4FC4-9108-26BEDF3AFD66}.Release|Any CPU.Build.0 = Release|Any CPU
		{526C7818-78C5-4758-B393-2367B915501C}.Debug|Any CPU.ActiveCfg = Debug|Any CPU
		{526C7818-78C5-4758-B393-2367B915501C}.Debug|Any CPU.Build.0 = Debug|Any CPU
		{526C7818-78C5-4758-B393-2367B915501C}.Release|Any CPU.ActiveCfg = Release|Any CPU
		{526C7818-78C5-4758-B393-2367B915501C}.Release|Any CPU.Build.0 = Release|Any CPU
		{C2F33E43-DB7D-4989-9F9B-7CBB13E3EB3E}.Debug|Any CPU.ActiveCfg = Debug|Any CPU
		{C2F33E43-DB7D-4989-9F9B-7CBB13E3EB3E}.Debug|Any CPU.Build.0 = Debug|Any CPU
		{C2F33E43-DB7D-4989-9F9B-7CBB13E3EB3E}.Release|Any CPU.ActiveCfg = Release|Any CPU
		{C2F33E43-DB7D-4989-9F9B-7CBB13E3EB3E}.Release|Any CPU.Build.0 = Release|Any CPU
		{E08C5273-173C-40C9-B5EA-0511CB89D75D}.Debug|Any CPU.ActiveCfg = Debug|Any CPU
		{E08C5273-173C-40C9-B5EA-0511CB89D75D}.Debug|Any CPU.Build.0 = Debug|Any CPU
		{E08C5273-173C-40C9-B5EA-0511CB89D75D}.Release|Any CPU.ActiveCfg = Release|Any CPU
		{E08C5273-173C-40C9-B5EA-0511CB89D75D}.Release|Any CPU.Build.0 = Release|Any CPU
		{84CDD252-BD83-4B20-9AE4-34367AFBC2EB}.Debug|Any CPU.ActiveCfg = Debug|Any CPU
		{84CDD252-BD83-4B20-9AE4-34367AFBC2EB}.Debug|Any CPU.Build.0 = Debug|Any CPU
		{84CDD252-BD83-4B20-9AE4-34367AFBC2EB}.Release|Any CPU.ActiveCfg = Release|Any CPU
		{84CDD252-BD83-4B20-9AE4-34367AFBC2EB}.Release|Any CPU.Build.0 = Release|Any CPU
		{0C5C6142-8B59-4747-9C8C-D43F56737755}.Debug|Any CPU.ActiveCfg = Debug|Any CPU
		{0C5C6142-8B59-4747-9C8C-D43F56737755}.Debug|Any CPU.Build.0 = Debug|Any CPU
		{0C5C6142-8B59-4747-9C8C-D43F56737755}.Release|Any CPU.ActiveCfg = Release|Any CPU
		{0C5C6142-8B59-4747-9C8C-D43F56737755}.Release|Any CPU.Build.0 = Release|Any CPU
		{8D68124B-B0A1-48FC-87CC-EE0D0CE6F737}.Debug|Any CPU.ActiveCfg = Debug|Any CPU
		{8D68124B-B0A1-48FC-87CC-EE0D0CE6F737}.Debug|Any CPU.Build.0 = Debug|Any CPU
		{8D68124B-B0A1-48FC-87CC-EE0D0CE6F737}.Release|Any CPU.ActiveCfg = Release|Any CPU
		{8D68124B-B0A1-48FC-87CC-EE0D0CE6F737}.Release|Any CPU.Build.0 = Release|Any CPU
		{E9BC2CF7-1813-480B-8B33-2AEA028731F7}.Debug|Any CPU.ActiveCfg = Debug|Any CPU
		{E9BC2CF7-1813-480B-8B33-2AEA028731F7}.Debug|Any CPU.Build.0 = Debug|Any CPU
		{E9BC2CF7-1813-480B-8B33-2AEA028731F7}.Release|Any CPU.ActiveCfg = Release|Any CPU
		{E9BC2CF7-1813-480B-8B33-2AEA028731F7}.Release|Any CPU.Build.0 = Release|Any CPU
		{E5D75AA5-CEAF-4E6A-B578-9A6EB88797E1}.Debug|Any CPU.ActiveCfg = Debug|Any CPU
		{E5D75AA5-CEAF-4E6A-B578-9A6EB88797E1}.Debug|Any CPU.Build.0 = Debug|Any CPU
		{E5D75AA5-CEAF-4E6A-B578-9A6EB88797E1}.Release|Any CPU.ActiveCfg = Release|Any CPU
		{E5D75AA5-CEAF-4E6A-B578-9A6EB88797E1}.Release|Any CPU.Build.0 = Release|Any CPU
		{2897D538-2231-429C-BF65-FDD2AD24C78A}.Debug|Any CPU.ActiveCfg = Debug|Any CPU
		{2897D538-2231-429C-BF65-FDD2AD24C78A}.Debug|Any CPU.Build.0 = Debug|Any CPU
		{2897D538-2231-429C-BF65-FDD2AD24C78A}.Release|Any CPU.ActiveCfg = Release|Any CPU
		{2897D538-2231-429C-BF65-FDD2AD24C78A}.Release|Any CPU.Build.0 = Release|Any CPU
		{A38731B7-E478-4C09-BFD1-8657A8DF3182}.Debug|Any CPU.ActiveCfg = Debug|Any CPU
		{A38731B7-E478-4C09-BFD1-8657A8DF3182}.Debug|Any CPU.Build.0 = Debug|Any CPU
		{A38731B7-E478-4C09-BFD1-8657A8DF3182}.Release|Any CPU.ActiveCfg = Release|Any CPU
		{A38731B7-E478-4C09-BFD1-8657A8DF3182}.Release|Any CPU.Build.0 = Release|Any CPU
		{69EDDA1A-B23D-4E4A-8813-8971B6A64772}.Debug|Any CPU.ActiveCfg = Debug|Any CPU
		{69EDDA1A-B23D-4E4A-8813-8971B6A64772}.Debug|Any CPU.Build.0 = Debug|Any CPU
		{69EDDA1A-B23D-4E4A-8813-8971B6A64772}.Release|Any CPU.ActiveCfg = Release|Any CPU
		{69EDDA1A-B23D-4E4A-8813-8971B6A64772}.Release|Any CPU.Build.0 = Release|Any CPU
	EndGlobalSection
	GlobalSection(SolutionProperties) = preSolution
		HideSolutionNode = FALSE
	EndGlobalSection
	GlobalSection(NestedProjects) = preSolution
		{ACBB7CDE-187F-4C02-9276-6262B6F2BD61} = {064F8DCF-3513-4A27-8436-58E859E38CB2}
		{2E5C60F0-9790-44C1-B8F3-57284C5CC79F} = {04F6A5AD-1F55-4B0C-9069-CE4E28BE2532}
		{37242D29-41E5-4FC4-9108-26BEDF3AFD66} = {04F6A5AD-1F55-4B0C-9069-CE4E28BE2532}
		{526C7818-78C5-4758-B393-2367B915501C} = {04F6A5AD-1F55-4B0C-9069-CE4E28BE2532}
		{C2F33E43-DB7D-4989-9F9B-7CBB13E3EB3E} = {04F6A5AD-1F55-4B0C-9069-CE4E28BE2532}
		{D0C91141-BC34-4700-80EF-0539D1AA7AFC} = {04F6A5AD-1F55-4B0C-9069-CE4E28BE2532}
		{E08C5273-173C-40C9-B5EA-0511CB89D75D} = {D0C91141-BC34-4700-80EF-0539D1AA7AFC}
		{375B0263-5BC0-40F0-A37B-9D43A48BBBDA} = {04F6A5AD-1F55-4B0C-9069-CE4E28BE2532}
		{064F8DCF-3513-4A27-8436-58E859E38CB2} = {04F6A5AD-1F55-4B0C-9069-CE4E28BE2532}
		{84CDD252-BD83-4B20-9AE4-34367AFBC2EB} = {375B0263-5BC0-40F0-A37B-9D43A48BBBDA}
		{0C5C6142-8B59-4747-9C8C-D43F56737755} = {375B0263-5BC0-40F0-A37B-9D43A48BBBDA}
		{8D68124B-B0A1-48FC-87CC-EE0D0CE6F737} = {04F6A5AD-1F55-4B0C-9069-CE4E28BE2532}
		{E9BC2CF7-1813-480B-8B33-2AEA028731F7} = {375B0263-5BC0-40F0-A37B-9D43A48BBBDA}
		{E5D75AA5-CEAF-4E6A-B578-9A6EB88797E1} = {375B0263-5BC0-40F0-A37B-9D43A48BBBDA}
		{2897D538-2231-429C-BF65-FDD2AD24C78A} = {375B0263-5BC0-40F0-A37B-9D43A48BBBDA}
		{A38731B7-E478-4C09-BFD1-8657A8DF3182} = {375B0263-5BC0-40F0-A37B-9D43A48BBBDA}
		{69EDDA1A-B23D-4E4A-8813-8971B6A64772} = {375B0263-5BC0-40F0-A37B-9D43A48BBBDA}
	EndGlobalSection
	GlobalSection(ExtensibilityGlobals) = postSolution
		SolutionGuid = {730832CF-56CC-4D95-A38D-A6AB7952AB5F}
	EndGlobalSection
EndGlobal
