
Microsoft Visual Studio Solution File, Format Version 12.00
# Visual Studio Version 17
VisualStudioVersion = 17.0.31410.414
MinimumVisualStudioVersion = 10.0.40219.1
Project("{2150E333-8FDC-42A3-9474-1A3956D46DE8}") = "src", "src", "{04F6A5AD-1F55-4B0C-9069-CE4E28BE2532}"
EndProject
Project("{2150E333-8FDC-42A3-9474-1A3956D46DE8}") = "file", "file", "{4BF7D093-D575-4986-9FA3-CF091957A77E}"
EndProject
Project("{9A19103F-16F7-4668-BE54-9A1E7A4F7556}") = "MonitorPlatform.Wpf", "src\MonitorPlatform.Wpf\MonitorPlatform.Wpf.csproj", "{ACBB7CDE-187F-4C02-9276-6262B6F2BD61}"
EndProject
Project("{9A19103F-16F7-4668-BE54-9A1E7A4F7556}") = "MonitorPlatform.Server", "src\MonitorPlatform.Server\MonitorPlatform.Server.csproj", "{2E5C60F0-9790-44C1-B8F3-57284C5CC79F}"
EndProject
Project("{9A19103F-16F7-4668-BE54-9A1E7A4F7556}") = "MonitorPlatform.Domain", "src\MonitorPlatform.Domain\MonitorPlatform.Domain.csproj", "{37242D29-41E5-4FC4-9108-26BEDF3AFD66}"
EndProject
Project("{9A19103F-16F7-4668-BE54-9A1E7A4F7556}") = "MonitorPlatform.DataAccess", "src\MonitorPlatform.DataAccess\MonitorPlatform.DataAccess.csproj", "{526C7818-78C5-4758-B393-2367B915501C}"
EndProject
Project("{9A19103F-16F7-4668-BE54-9A1E7A4F7556}") = "MonitorPlatform.Share", "src\MonitorPlatform.Share\MonitorPlatform.Share.csproj", "{C2F33E43-DB7D-4989-9F9B-7CBB13E3EB3E}"
EndProject
Project("{2150E333-8FDC-42A3-9474-1A3956D46DE8}") = "Examples", "Examples", "{D0C91141-BC34-4700-80EF-0539D1AA7AFC}"
EndProject
Project("{FAE04EC0-301F-11D3-BF4B-00C04F79EFBC}") = "Sample1", "src\Example\Sample1\Sample1.csproj", "{E08C5273-173C-40C9-B5EA-0511CB89D75D}"
EndProject
Project("{FAE04EC0-301F-11D3-BF4B-00C04F79EFBC}") = "Sample2", "src\Example\Sample2\Sample2.csproj", "{D23656D5-63B0-4CBF-A677-BE06413BDD7D}"
EndProject
Project("{FAE04EC0-301F-11D3-BF4B-00C04F79EFBC}") = "Sample3", "src\Example\Sample3\Sample3.csproj", "{B85CBC44-D841-4C3E-B4C5-02F5591C6A6C}"
EndProject
Project("{FAE04EC0-301F-11D3-BF4B-00C04F79EFBC}") = "Sample4", "src\Example\Sample4\Sample4.csproj", "{08666E7B-190C-4B61-80F6-DAC37B939E2A}"
EndProject
Project("{FAE04EC0-301F-11D3-BF4B-00C04F79EFBC}") = "Sample5", "src\Example\Sample5\Sample5.csproj", "{68C274D9-D906-4124-AEF6-5AEF517E87E9}"
EndProject
Project("{FAE04EC0-301F-11D3-BF4B-00C04F79EFBC}") = "Sample6", "src\Example\Sample6\Sample6.csproj", "{3B36201D-B551-4C28-9922-EBF3F1821FBB}"
EndProject
Project("{FAE04EC0-301F-11D3-BF4B-00C04F79EFBC}") = "Sample7", "src\Example\Sample7\Sample7.csproj", "{599D8090-F9BD-4554-9431-2DC52BC380AD}"
EndProject
Project("{FAE04EC0-301F-11D3-BF4B-00C04F79EFBC}") = "Sample8", "src\Example\Sample8\Sample8.csproj", "{8DE43A42-C883-48AD-9F6D-9C2C3C25EAC8}"
EndProject
Project("{2150E333-8FDC-42A3-9474-1A3956D46DE8}") = "Services", "Services", "{375B0263-5BC0-40F0-A37B-9D43A48BBBDA}"
EndProject
Project("{2150E333-8FDC-42A3-9474-1A3956D46DE8}") = "Cients", "Cients", "{064F8DCF-3513-4A27-8436-58E859E38CB2}"
EndProject
Project("{FAE04EC0-301F-11D3-BF4B-00C04F79EFBC}") = "ESTHost.DataStorage.Service", "src\services\ESTHost.DataStorage\ESTHost.DataStorage.Service.csproj", "{03006A7B-D308-4DD5-9188-36A74D440920}"
EndProject
Project("{FAE04EC0-301F-11D3-BF4B-00C04F79EFBC}") = "ESTHost.SMS.Service", "src\Services\ESTHost.SMS.Service\ESTHost.SMS.Service.csproj", "{C21CA396-8FAD-4B43-B512-0B5E7886F98F}"
EndProject
Project("{FAE04EC0-301F-11D3-BF4B-00C04F79EFBC}") = "ESTHost.WTR31.Service", "src\Services\ESTHost.WTR31.Service\ESTHost.WTR31.Service.csproj", "{C9EAB1E4-09FC-4EC6-815F-57982E94C8A3}"
EndProject
Project("{FAE04EC0-301F-11D3-BF4B-00C04F79EFBC}") = "ESTHost.WTR20A.Service", "src\Services\ESTHost.WTR20A.Service\ESTHost.WTR20A.Service.csproj", "{3A142389-647E-466B-939B-23F6E7932D11}"
EndProject
Project("{FAE04EC0-301F-11D3-BF4B-00C04F79EFBC}") = "ESTHost.Core", "src\Services\ESTHost.Core\ESTHost.Core.csproj", "{84CDD252-BD83-4B20-9AE4-34367AFBC2EB}"
EndProject
Project("{FAE04EC0-301F-11D3-BF4B-00C04F79EFBC}") = "ESTHost.ServerManager", "src\Services\ESTHostServerManager\ESTHost.ServerManager.csproj", "{0C5C6142-8B59-4747-9C8C-D43F56737755}"
EndProject
Global
	GlobalSection(SolutionConfigurationPlatforms) = preSolution
		Debug|Any CPU = Debug|Any CPU
		Release|Any CPU = Release|Any CPU
	EndGlobalSection
	GlobalSection(ProjectConfigurationPlatforms) = postSolution
		{ACBB7CDE-187F-4C02-9276-6262B6F2BD61}.Debug|Any CPU.ActiveCfg = Debug|Any CPU
		{ACBB7CDE-187F-4C02-9276-6262B6F2BD61}.Debug|Any CPU.Build.0 = Debug|Any CPU
		{ACBB7CDE-187F-4C02-9276-6262B6F2BD61}.Release|Any CPU.ActiveCfg = Release|Any CPU
		{ACBB7CDE-187F-4C02-9276-6262B6F2BD61}.Release|Any CPU.Build.0 = Release|Any CPU
		{2E5C60F0-9790-44C1-B8F3-57284C5CC79F}.Debug|Any CPU.ActiveCfg = Debug|Any CPU
		{2E5C60F0-9790-44C1-B8F3-57284C5CC79F}.Debug|Any CPU.Build.0 = Debug|Any CPU
		{2E5C60F0-9790-44C1-B8F3-57284C5CC79F}.Release|Any CPU.ActiveCfg = Release|Any CPU
		{2E5C60F0-9790-44C1-B8F3-57284C5CC79F}.Release|Any CPU.Build.0 = Release|Any CPU
		{37242D29-41E5-4FC4-9108-26BEDF3AFD66}.Debug|Any CPU.ActiveCfg = Debug|Any CPU
		{37242D29-41E5-4FC4-9108-26BEDF3AFD66}.Debug|Any CPU.Build.0 = Debug|Any CPU
		{37242D29-41E5-4FC4-9108-26BEDF3AFD66}.Release|Any CPU.ActiveCfg = Release|Any CPU
		{37242D29-41E5-4FC4-9108-26BEDF3AFD66}.Release|Any CPU.Build.0 = Release|Any CPU
		{526C7818-78C5-4758-B393-2367B915501C}.Debug|Any CPU.ActiveCfg = Debug|Any CPU
		{526C7818-78C5-4758-B393-2367B915501C}.Debug|Any CPU.Build.0 = Debug|Any CPU
		{526C7818-78C5-4758-B393-2367B915501C}.Release|Any CPU.ActiveCfg = Release|Any CPU
		{526C7818-78C5-4758-B393-2367B915501C}.Release|Any CPU.Build.0 = Release|Any CPU
		{C2F33E43-DB7D-4989-9F9B-7CBB13E3EB3E}.Debug|Any CPU.ActiveCfg = Debug|Any CPU
		{C2F33E43-DB7D-4989-9F9B-7CBB13E3EB3E}.Debug|Any CPU.Build.0 = Debug|Any CPU
		{C2F33E43-DB7D-4989-9F9B-7CBB13E3EB3E}.Release|Any CPU.ActiveCfg = Release|Any CPU
		{C2F33E43-DB7D-4989-9F9B-7CBB13E3EB3E}.Release|Any CPU.Build.0 = Release|Any CPU
		{E08C5273-173C-40C9-B5EA-0511CB89D75D}.Debug|Any CPU.ActiveCfg = Debug|Any CPU
		{E08C5273-173C-40C9-B5EA-0511CB89D75D}.Debug|Any CPU.Build.0 = Debug|Any CPU
		{E08C5273-173C-40C9-B5EA-0511CB89D75D}.Release|Any CPU.ActiveCfg = Release|Any CPU
		{E08C5273-173C-40C9-B5EA-0511CB89D75D}.Release|Any CPU.Build.0 = Release|Any CPU
		{D23656D5-63B0-4CBF-A677-BE06413BDD7D}.Debug|Any CPU.ActiveCfg = Debug|Any CPU
		{D23656D5-63B0-4CBF-A677-BE06413BDD7D}.Debug|Any CPU.Build.0 = Debug|Any CPU
		{D23656D5-63B0-4CBF-A677-BE06413BDD7D}.Release|Any CPU.ActiveCfg = Release|Any CPU
		{D23656D5-63B0-4CBF-A677-BE06413BDD7D}.Release|Any CPU.Build.0 = Release|Any CPU
		{B85CBC44-D841-4C3E-B4C5-02F5591C6A6C}.Debug|Any CPU.ActiveCfg = Debug|Any CPU
		{B85CBC44-D841-4C3E-B4C5-02F5591C6A6C}.Debug|Any CPU.Build.0 = Debug|Any CPU
		{B85CBC44-D841-4C3E-B4C5-02F5591C6A6C}.Release|Any CPU.ActiveCfg = Release|Any CPU
		{B85CBC44-D841-4C3E-B4C5-02F5591C6A6C}.Release|Any CPU.Build.0 = Release|Any CPU
		{08666E7B-190C-4B61-80F6-DAC37B939E2A}.Debug|Any CPU.ActiveCfg = Debug|Any CPU
		{08666E7B-190C-4B61-80F6-DAC37B939E2A}.Debug|Any CPU.Build.0 = Debug|Any CPU
		{08666E7B-190C-4B61-80F6-DAC37B939E2A}.Release|Any CPU.ActiveCfg = Release|Any CPU
		{08666E7B-190C-4B61-80F6-DAC37B939E2A}.Release|Any CPU.Build.0 = Release|Any CPU
		{68C274D9-D906-4124-AEF6-5AEF517E87E9}.Debug|Any CPU.ActiveCfg = Debug|Any CPU
		{68C274D9-D906-4124-AEF6-5AEF517E87E9}.Debug|Any CPU.Build.0 = Debug|Any CPU
		{68C274D9-D906-4124-AEF6-5AEF517E87E9}.Release|Any CPU.ActiveCfg = Release|Any CPU
		{68C274D9-D906-4124-AEF6-5AEF517E87E9}.Release|Any CPU.Build.0 = Release|Any CPU
		{3B36201D-B551-4C28-9922-EBF3F1821FBB}.Debug|Any CPU.ActiveCfg = Debug|Any CPU
		{3B36201D-B551-4C28-9922-EBF3F1821FBB}.Debug|Any CPU.Build.0 = Debug|Any CPU
		{3B36201D-B551-4C28-9922-EBF3F1821FBB}.Release|Any CPU.ActiveCfg = Release|Any CPU
		{3B36201D-B551-4C28-9922-EBF3F1821FBB}.Release|Any CPU.Build.0 = Release|Any CPU
		{599D8090-F9BD-4554-9431-2DC52BC380AD}.Debug|Any CPU.ActiveCfg = Debug|Any CPU
		{599D8090-F9BD-4554-9431-2DC52BC380AD}.Debug|Any CPU.Build.0 = Debug|Any CPU
		{599D8090-F9BD-4554-9431-2DC52BC380AD}.Release|Any CPU.ActiveCfg = Release|Any CPU
		{599D8090-F9BD-4554-9431-2DC52BC380AD}.Release|Any CPU.Build.0 = Release|Any CPU
		{8DE43A42-C883-48AD-9F6D-9C2C3C25EAC8}.Debug|Any CPU.ActiveCfg = Debug|Any CPU
		{8DE43A42-C883-48AD-9F6D-9C2C3C25EAC8}.Debug|Any CPU.Build.0 = Debug|Any CPU
		{8DE43A42-C883-48AD-9F6D-9C2C3C25EAC8}.Release|Any CPU.ActiveCfg = Release|Any CPU
		{8DE43A42-C883-48AD-9F6D-9C2C3C25EAC8}.Release|Any CPU.Build.0 = Release|Any CPU
		{03006A7B-D308-4DD5-9188-36A74D440920}.Debug|Any CPU.ActiveCfg = Debug|Any CPU
		{03006A7B-D308-4DD5-9188-36A74D440920}.Debug|Any CPU.Build.0 = Debug|Any CPU
		{03006A7B-D308-4DD5-9188-36A74D440920}.Release|Any CPU.ActiveCfg = Release|Any CPU
		{03006A7B-D308-4DD5-9188-36A74D440920}.Release|Any CPU.Build.0 = Release|Any CPU
		{C21CA396-8FAD-4B43-B512-0B5E7886F98F}.Debug|Any CPU.ActiveCfg = Debug|Any CPU
		{C21CA396-8FAD-4B43-B512-0B5E7886F98F}.Debug|Any CPU.Build.0 = Debug|Any CPU
		{C21CA396-8FAD-4B43-B512-0B5E7886F98F}.Release|Any CPU.ActiveCfg = Release|Any CPU
		{C21CA396-8FAD-4B43-B512-0B5E7886F98F}.Release|Any CPU.Build.0 = Release|Any CPU
		{C9EAB1E4-09FC-4EC6-815F-57982E94C8A3}.Debug|Any CPU.ActiveCfg = Debug|Any CPU
		{C9EAB1E4-09FC-4EC6-815F-57982E94C8A3}.Debug|Any CPU.Build.0 = Debug|Any CPU
		{C9EAB1E4-09FC-4EC6-815F-57982E94C8A3}.Release|Any CPU.ActiveCfg = Release|Any CPU
		{C9EAB1E4-09FC-4EC6-815F-57982E94C8A3}.Release|Any CPU.Build.0 = Release|Any CPU
		{3A142389-647E-466B-939B-23F6E7932D11}.Debug|Any CPU.ActiveCfg = Debug|Any CPU
		{3A142389-647E-466B-939B-23F6E7932D11}.Debug|Any CPU.Build.0 = Debug|Any CPU
		{3A142389-647E-466B-939B-23F6E7932D11}.Release|Any CPU.ActiveCfg = Release|Any CPU
		{3A142389-647E-466B-939B-23F6E7932D11}.Release|Any CPU.Build.0 = Release|Any CPU
		{84CDD252-BD83-4B20-9AE4-34367AFBC2EB}.Debug|Any CPU.ActiveCfg = Debug|Any CPU
		{84CDD252-BD83-4B20-9AE4-34367AFBC2EB}.Debug|Any CPU.Build.0 = Debug|Any CPU
		{84CDD252-BD83-4B20-9AE4-34367AFBC2EB}.Release|Any CPU.ActiveCfg = Release|Any CPU
		{84CDD252-BD83-4B20-9AE4-34367AFBC2EB}.Release|Any CPU.Build.0 = Release|Any CPU
		{0C5C6142-8B59-4747-9C8C-D43F56737755}.Debug|Any CPU.ActiveCfg = Debug|Any CPU
		{0C5C6142-8B59-4747-9C8C-D43F56737755}.Debug|Any CPU.Build.0 = Debug|Any CPU
		{0C5C6142-8B59-4747-9C8C-D43F56737755}.Release|Any CPU.ActiveCfg = Release|Any CPU
		{0C5C6142-8B59-4747-9C8C-D43F56737755}.Release|Any CPU.Build.0 = Release|Any CPU
	EndGlobalSection
	GlobalSection(SolutionProperties) = preSolution
		HideSolutionNode = FALSE
	EndGlobalSection
	GlobalSection(NestedProjects) = preSolution
		{ACBB7CDE-187F-4C02-9276-6262B6F2BD61} = {064F8DCF-3513-4A27-8436-58E859E38CB2}
		{2E5C60F0-9790-44C1-B8F3-57284C5CC79F} = {04F6A5AD-1F55-4B0C-9069-CE4E28BE2532}
		{37242D29-41E5-4FC4-9108-26BEDF3AFD66} = {04F6A5AD-1F55-4B0C-9069-CE4E28BE2532}
		{526C7818-78C5-4758-B393-2367B915501C} = {04F6A5AD-1F55-4B0C-9069-CE4E28BE2532}
		{C2F33E43-DB7D-4989-9F9B-7CBB13E3EB3E} = {04F6A5AD-1F55-4B0C-9069-CE4E28BE2532}
		{D0C91141-BC34-4700-80EF-0539D1AA7AFC} = {04F6A5AD-1F55-4B0C-9069-CE4E28BE2532}
		{E08C5273-173C-40C9-B5EA-0511CB89D75D} = {D0C91141-BC34-4700-80EF-0539D1AA7AFC}
		{D23656D5-63B0-4CBF-A677-BE06413BDD7D} = {D0C91141-BC34-4700-80EF-0539D1AA7AFC}
		{B85CBC44-D841-4C3E-B4C5-02F5591C6A6C} = {D0C91141-BC34-4700-80EF-0539D1AA7AFC}
		{08666E7B-190C-4B61-80F6-DAC37B939E2A} = {D0C91141-BC34-4700-80EF-0539D1AA7AFC}
		{68C274D9-D906-4124-AEF6-5AEF517E87E9} = {D0C91141-BC34-4700-80EF-0539D1AA7AFC}
		{3B36201D-B551-4C28-9922-EBF3F1821FBB} = {D0C91141-BC34-4700-80EF-0539D1AA7AFC}
		{599D8090-F9BD-4554-9431-2DC52BC380AD} = {D0C91141-BC34-4700-80EF-0539D1AA7AFC}
		{8DE43A42-C883-48AD-9F6D-9C2C3C25EAC8} = {D0C91141-BC34-4700-80EF-0539D1AA7AFC}
		{375B0263-5BC0-40F0-A37B-9D43A48BBBDA} = {04F6A5AD-1F55-4B0C-9069-CE4E28BE2532}
		{064F8DCF-3513-4A27-8436-58E859E38CB2} = {04F6A5AD-1F55-4B0C-9069-CE4E28BE2532}
		{03006A7B-D308-4DD5-9188-36A74D440920} = {375B0263-5BC0-40F0-A37B-9D43A48BBBDA}
		{C21CA396-8FAD-4B43-B512-0B5E7886F98F} = {375B0263-5BC0-40F0-A37B-9D43A48BBBDA}
		{C9EAB1E4-09FC-4EC6-815F-57982E94C8A3} = {375B0263-5BC0-40F0-A37B-9D43A48BBBDA}
		{3A142389-647E-466B-939B-23F6E7932D11} = {375B0263-5BC0-40F0-A37B-9D43A48BBBDA}
		{84CDD252-BD83-4B20-9AE4-34367AFBC2EB} = {375B0263-5BC0-40F0-A37B-9D43A48BBBDA}
		{0C5C6142-8B59-4747-9C8C-D43F56737755} = {375B0263-5BC0-40F0-A37B-9D43A48BBBDA}
	EndGlobalSection
	GlobalSection(ExtensibilityGlobals) = postSolution
		SolutionGuid = {730832CF-56CC-4D95-A38D-A6AB7952AB5F}
	EndGlobalSection
EndGlobal
